// !$*UTF8*$!
{
	archiveVersion = 1;
	classes = {
	};
	objectVersion = 50;
	objects = {

/* Begin PBXBuildFile section */
		375486D32175D98D00AC6BAF /* Login.storyboard in Resources */ = {isa = PBXBuildFile; fileRef = 375486D22175D98D00AC6BAF /* Login.storyboard */; };
		37F5C3AC217631A300070CA0 /* Homepage.storyboard in Resources */ = {isa = PBXBuildFile; fileRef = 37F5C3A9217631A300070CA0 /* Homepage.storyboard */; };
		37F5C3AD217631A300070CA0 /* HomepageController.swift in Sources */ = {isa = PBXBuildFile; fileRef = 37F5C3AA217631A300070CA0 /* HomepageController.swift */; };
		37F5C3AE217631A300070CA0 /* HomepageCell.swift in Sources */ = {isa = PBXBuildFile; fileRef = 37F5C3AB217631A300070CA0 /* HomepageCell.swift */; };
		6E9F8F28217609BA0069AC4B /* TicketCell.swift in Sources */ = {isa = PBXBuildFile; fileRef = 6E9F8F27217609BA0069AC4B /* TicketCell.swift */; };
		6E9F8F2B21760CCB0069AC4B /* LoginController.swift in Sources */ = {isa = PBXBuildFile; fileRef = 375486D42175DF7A00AC6BAF /* LoginController.swift */; };
		6E9F8F2D217610CA0069AC4B /* TicketViewController.swift in Sources */ = {isa = PBXBuildFile; fileRef = 6E9F8F2C217610CA0069AC4B /* TicketViewController.swift */; };
		6E9F8F2F217612B70069AC4B /* ViewController.swift in Sources */ = {isa = PBXBuildFile; fileRef = 6E9F8F2E217612B70069AC4B /* ViewController.swift */; };
		6EB4A8FD2176374600D5F570 /* HomepageCell.swift in Sources */ = {isa = PBXBuildFile; fileRef = 6EB4A8FA2176374600D5F570 /* HomepageCell.swift */; };
		6EB4A8FE2176374600D5F570 /* Homepage.storyboard in Resources */ = {isa = PBXBuildFile; fileRef = 6EB4A8FB2176374600D5F570 /* Homepage.storyboard */; };
		6EB4A8FF2176374600D5F570 /* HomepageController.swift in Sources */ = {isa = PBXBuildFile; fileRef = 6EB4A8FC2176374600D5F570 /* HomepageController.swift */; };
		6EDA6F3E2175CB97002BA7FA /* AppDelegate.swift in Sources */ = {isa = PBXBuildFile; fileRef = 6EDA6F3D2175CB97002BA7FA /* AppDelegate.swift */; };
		6EDA6F432175CB97002BA7FA /* Main.storyboard in Resources */ = {isa = PBXBuildFile; fileRef = 6EDA6F412175CB97002BA7FA /* Main.storyboard */; };
		6EDA6F452175CB98002BA7FA /* Assets.xcassets in Resources */ = {isa = PBXBuildFile; fileRef = 6EDA6F442175CB98002BA7FA /* Assets.xcassets */; };
		6EDA6F482175CB98002BA7FA /* LaunchScreen.storyboard in Resources */ = {isa = PBXBuildFile; fileRef = 6EDA6F462175CB98002BA7FA /* LaunchScreen.storyboard */; };
		6EDA6F532175CB98002BA7FA /* GruppoC16_10Tests.swift in Sources */ = {isa = PBXBuildFile; fileRef = 6EDA6F522175CB98002BA7FA /* GruppoC16_10Tests.swift */; };
		6EDA6F5E2175CB98002BA7FA /* GruppoC16_10UITests.swift in Sources */ = {isa = PBXBuildFile; fileRef = 6EDA6F5D2175CB98002BA7FA /* GruppoC16_10UITests.swift */; };
		6EDA6F6D2175DCDD002BA7FA /* User.swift in Sources */ = {isa = PBXBuildFile; fileRef = 6EDA6F6C2175DCDD002BA7FA /* User.swift */; };
		6EDA6F6F2175DE28002BA7FA /* Ticket.swift in Sources */ = {isa = PBXBuildFile; fileRef = 6EDA6F6E2175DE28002BA7FA /* Ticket.swift */; };
		6EDA6F712175E15C002BA7FA /* Film.swift in Sources */ = {isa = PBXBuildFile; fileRef = 6EDA6F702175E15C002BA7FA /* Film.swift */; };
		6EDA6F752175EBDA002BA7FA /* Tickets.storyboard in Resources */ = {isa = PBXBuildFile; fileRef = 6EDA6F742175EBDA002BA7FA /* Tickets.storyboard */; };
		B33DED1C2175CDE8004DF561 /* Extensions.swift in Sources */ = {isa = PBXBuildFile; fileRef = B33DED1B2175CDE8004DF561 /* Extensions.swift */; };
		B33DED1E2175CE24004DF561 /* RealmUtils.swift in Sources */ = {isa = PBXBuildFile; fileRef = B33DED1D2175CE24004DF561 /* RealmUtils.swift */; };
		B33DED252175DE9E004DF561 /* RegisterController.swift in Sources */ = {isa = PBXBuildFile; fileRef = B33DED242175DE9E004DF561 /* RegisterController.swift */; };
		B3516E0A2176006900B8B4DE /* Dictionary.swift in Sources */ = {isa = PBXBuildFile; fileRef = B3516E092176006900B8B4DE /* Dictionary.swift */; };
		B3F482312175FA580017A5ED /* LoginController.swift in Sources */ = {isa = PBXBuildFile; fileRef = 375486D42175DF7A00AC6BAF /* LoginController.swift */; };
		B3F482322175FB230017A5ED /* Register.storyboard in Resources */ = {isa = PBXBuildFile; fileRef = B33DED222175D92F004DF561 /* Register.storyboard */; };
		B3F482352175FBB70017A5ED /* UserProfileController.swift in Sources */ = {isa = PBXBuildFile; fileRef = B3F482332175FBB70017A5ED /* UserProfileController.swift */; };
		B3F482362175FBB70017A5ED /* UserProfile.storyboard in Resources */ = {isa = PBXBuildFile; fileRef = B3F482342175FBB70017A5ED /* UserProfile.storyboard */; };
		F4F0F70BDFCD923B3E62AFAE /* Pods_GruppoC16_10.framework in Frameworks */ = {isa = PBXBuildFile; fileRef = D567C65B184E68384A7420C9 /* Pods_GruppoC16_10.framework */; };
/* End PBXBuildFile section */

/* Begin PBXContainerItemProxy section */
		6EDA6F4F2175CB98002BA7FA /* PBXContainerItemProxy */ = {
			isa = PBXContainerItemProxy;
			containerPortal = 6EDA6F322175CB97002BA7FA /* Project object */;
			proxyType = 1;
			remoteGlobalIDString = 6EDA6F392175CB97002BA7FA;
			remoteInfo = "GruppoC16-10";
		};
		6EDA6F5A2175CB98002BA7FA /* PBXContainerItemProxy */ = {
			isa = PBXContainerItemProxy;
			containerPortal = 6EDA6F322175CB97002BA7FA /* Project object */;
			proxyType = 1;
			remoteGlobalIDString = 6EDA6F392175CB97002BA7FA;
			remoteInfo = "GruppoC16-10";
		};
/* End PBXContainerItemProxy section */

/* Begin PBXFileReference section */
		282EC7938DCB528011C92260 /* Pods-GruppoC16-10.release.xcconfig */ = {isa = PBXFileReference; includeInIndex = 1; lastKnownFileType = text.xcconfig; name = "Pods-GruppoC16-10.release.xcconfig"; path = "Pods/Target Support Files/Pods-GruppoC16-10/Pods-GruppoC16-10.release.xcconfig"; sourceTree = "<group>"; };
		375486D22175D98D00AC6BAF /* Login.storyboard */ = {isa = PBXFileReference; lastKnownFileType = file.storyboard; path = Login.storyboard; sourceTree = "<group>"; };
		375486D42175DF7A00AC6BAF /* LoginController.swift */ = {isa = PBXFileReference; lastKnownFileType = sourcecode.swift; path = LoginController.swift; sourceTree = "<group>"; };
		37F5C3A9217631A300070CA0 /* Homepage.storyboard */ = {isa = PBXFileReference; fileEncoding = 4; lastKnownFileType = file.storyboard; path = Homepage.storyboard; sourceTree = "<group>"; };
		37F5C3AA217631A300070CA0 /* HomepageController.swift */ = {isa = PBXFileReference; fileEncoding = 4; lastKnownFileType = sourcecode.swift; path = HomepageController.swift; sourceTree = "<group>"; };
		37F5C3AB217631A300070CA0 /* HomepageCell.swift */ = {isa = PBXFileReference; fileEncoding = 4; lastKnownFileType = sourcecode.swift; path = HomepageCell.swift; sourceTree = "<group>"; };
		6E9F8F27217609BA0069AC4B /* TicketCell.swift */ = {isa = PBXFileReference; fileEncoding = 4; lastKnownFileType = sourcecode.swift; path = TicketCell.swift; sourceTree = "<group>"; };
		6E9F8F2C217610CA0069AC4B /* TicketViewController.swift */ = {isa = PBXFileReference; fileEncoding = 4; lastKnownFileType = sourcecode.swift; path = TicketViewController.swift; sourceTree = "<group>"; };
		6E9F8F2E217612B70069AC4B /* ViewController.swift */ = {isa = PBXFileReference; lastKnownFileType = sourcecode.swift; path = ViewController.swift; sourceTree = "<group>"; };
		6EB4A8FA2176374600D5F570 /* HomepageCell.swift */ = {isa = PBXFileReference; fileEncoding = 4; lastKnownFileType = sourcecode.swift; path = HomepageCell.swift; sourceTree = "<group>"; };
		6EB4A8FB2176374600D5F570 /* Homepage.storyboard */ = {isa = PBXFileReference; fileEncoding = 4; lastKnownFileType = file.storyboard; path = Homepage.storyboard; sourceTree = "<group>"; };
		6EB4A8FC2176374600D5F570 /* HomepageController.swift */ = {isa = PBXFileReference; fileEncoding = 4; lastKnownFileType = sourcecode.swift; path = HomepageController.swift; sourceTree = "<group>"; };
		6EDA6F3A2175CB97002BA7FA /* GruppoC16-10.app */ = {isa = PBXFileReference; explicitFileType = wrapper.application; includeInIndex = 0; path = "GruppoC16-10.app"; sourceTree = BUILT_PRODUCTS_DIR; };
		6EDA6F3D2175CB97002BA7FA /* AppDelegate.swift */ = {isa = PBXFileReference; lastKnownFileType = sourcecode.swift; path = AppDelegate.swift; sourceTree = "<group>"; };
		6EDA6F422175CB97002BA7FA /* Base */ = {isa = PBXFileReference; lastKnownFileType = file.storyboard; name = Base; path = Base.lproj/Main.storyboard; sourceTree = "<group>"; };
		6EDA6F442175CB98002BA7FA /* Assets.xcassets */ = {isa = PBXFileReference; lastKnownFileType = folder.assetcatalog; path = Assets.xcassets; sourceTree = "<group>"; };
		6EDA6F472175CB98002BA7FA /* Base */ = {isa = PBXFileReference; lastKnownFileType = file.storyboard; name = Base; path = Base.lproj/LaunchScreen.storyboard; sourceTree = "<group>"; };
		6EDA6F492175CB98002BA7FA /* Info.plist */ = {isa = PBXFileReference; lastKnownFileType = text.plist.xml; path = Info.plist; sourceTree = "<group>"; };
		6EDA6F4E2175CB98002BA7FA /* GruppoC16-10Tests.xctest */ = {isa = PBXFileReference; explicitFileType = wrapper.cfbundle; includeInIndex = 0; path = "GruppoC16-10Tests.xctest"; sourceTree = BUILT_PRODUCTS_DIR; };
		6EDA6F522175CB98002BA7FA /* GruppoC16_10Tests.swift */ = {isa = PBXFileReference; lastKnownFileType = sourcecode.swift; path = GruppoC16_10Tests.swift; sourceTree = "<group>"; };
		6EDA6F542175CB98002BA7FA /* Info.plist */ = {isa = PBXFileReference; lastKnownFileType = text.plist.xml; path = Info.plist; sourceTree = "<group>"; };
		6EDA6F592175CB98002BA7FA /* GruppoC16-10UITests.xctest */ = {isa = PBXFileReference; explicitFileType = wrapper.cfbundle; includeInIndex = 0; path = "GruppoC16-10UITests.xctest"; sourceTree = BUILT_PRODUCTS_DIR; };
		6EDA6F5D2175CB98002BA7FA /* GruppoC16_10UITests.swift */ = {isa = PBXFileReference; lastKnownFileType = sourcecode.swift; path = GruppoC16_10UITests.swift; sourceTree = "<group>"; };
		6EDA6F5F2175CB98002BA7FA /* Info.plist */ = {isa = PBXFileReference; lastKnownFileType = text.plist.xml; path = Info.plist; sourceTree = "<group>"; };
		6EDA6F6C2175DCDD002BA7FA /* User.swift */ = {isa = PBXFileReference; lastKnownFileType = sourcecode.swift; path = User.swift; sourceTree = "<group>"; };
		6EDA6F6E2175DE28002BA7FA /* Ticket.swift */ = {isa = PBXFileReference; lastKnownFileType = sourcecode.swift; path = Ticket.swift; sourceTree = "<group>"; };
		6EDA6F702175E15C002BA7FA /* Film.swift */ = {isa = PBXFileReference; lastKnownFileType = sourcecode.swift; path = Film.swift; sourceTree = "<group>"; };
		6EDA6F742175EBDA002BA7FA /* Tickets.storyboard */ = {isa = PBXFileReference; lastKnownFileType = file.storyboard; path = Tickets.storyboard; sourceTree = "<group>"; };
		89E42E1B8909403522F0AF0E /* Pods-GruppoC16-10.debug.xcconfig */ = {isa = PBXFileReference; includeInIndex = 1; lastKnownFileType = text.xcconfig; name = "Pods-GruppoC16-10.debug.xcconfig"; path = "Pods/Target Support Files/Pods-GruppoC16-10/Pods-GruppoC16-10.debug.xcconfig"; sourceTree = "<group>"; };
		B33DED1B2175CDE8004DF561 /* Extensions.swift */ = {isa = PBXFileReference; lastKnownFileType = sourcecode.swift; path = Extensions.swift; sourceTree = "<group>"; };
		B33DED1D2175CE24004DF561 /* RealmUtils.swift */ = {isa = PBXFileReference; lastKnownFileType = sourcecode.swift; path = RealmUtils.swift; sourceTree = "<group>"; };
		B33DED222175D92F004DF561 /* Register.storyboard */ = {isa = PBXFileReference; lastKnownFileType = file.storyboard; path = Register.storyboard; sourceTree = "<group>"; };
		B33DED242175DE9E004DF561 /* RegisterController.swift */ = {isa = PBXFileReference; lastKnownFileType = sourcecode.swift; path = RegisterController.swift; sourceTree = "<group>"; };
		B3516E092176006900B8B4DE /* Dictionary.swift */ = {isa = PBXFileReference; fileEncoding = 4; lastKnownFileType = sourcecode.swift; path = Dictionary.swift; sourceTree = "<group>"; };
		B3F482332175FBB70017A5ED /* UserProfileController.swift */ = {isa = PBXFileReference; fileEncoding = 4; lastKnownFileType = sourcecode.swift; path = UserProfileController.swift; sourceTree = "<group>"; };
		B3F482342175FBB70017A5ED /* UserProfile.storyboard */ = {isa = PBXFileReference; fileEncoding = 4; lastKnownFileType = file.storyboard; path = UserProfile.storyboard; sourceTree = "<group>"; };
		D567C65B184E68384A7420C9 /* Pods_GruppoC16_10.framework */ = {isa = PBXFileReference; explicitFileType = wrapper.framework; includeInIndex = 0; path = Pods_GruppoC16_10.framework; sourceTree = BUILT_PRODUCTS_DIR; };
/* End PBXFileReference section */

/* Begin PBXFrameworksBuildPhase section */
		6EDA6F372175CB97002BA7FA /* Frameworks */ = {
			isa = PBXFrameworksBuildPhase;
			buildActionMask = 2147483647;
			files = (
				F4F0F70BDFCD923B3E62AFAE /* Pods_GruppoC16_10.framework in Frameworks */,
			);
			runOnlyForDeploymentPostprocessing = 0;
		};
		6EDA6F4B2175CB98002BA7FA /* Frameworks */ = {
			isa = PBXFrameworksBuildPhase;
			buildActionMask = 2147483647;
			files = (
			);
			runOnlyForDeploymentPostprocessing = 0;
		};
		6EDA6F562175CB98002BA7FA /* Frameworks */ = {
			isa = PBXFrameworksBuildPhase;
			buildActionMask = 2147483647;
			files = (
			);
			runOnlyForDeploymentPostprocessing = 0;
		};
/* End PBXFrameworksBuildPhase section */

/* Begin PBXGroup section */
		170AEEEB0B4B7EB0A052C189 /* Pods */ = {
			isa = PBXGroup;
			children = (
				89E42E1B8909403522F0AF0E /* Pods-GruppoC16-10.debug.xcconfig */,
				282EC7938DCB528011C92260 /* Pods-GruppoC16-10.release.xcconfig */,
			);
			name = Pods;
			sourceTree = "<group>";
		};
		6EDA6F312175CB97002BA7FA = {
			isa = PBXGroup;
			children = (
				6EDA6F3C2175CB97002BA7FA /* GruppoC16-10 */,
				6EDA6F512175CB98002BA7FA /* GruppoC16-10Tests */,
				6EDA6F5C2175CB98002BA7FA /* GruppoC16-10UITests */,
				6EDA6F3B2175CB97002BA7FA /* Products */,
				170AEEEB0B4B7EB0A052C189 /* Pods */,
				9A1E0A21B9B253F965184B36 /* Frameworks */,
			);
			sourceTree = "<group>";
		};
		6EDA6F3B2175CB97002BA7FA /* Products */ = {
			isa = PBXGroup;
			children = (
				6EDA6F3A2175CB97002BA7FA /* GruppoC16-10.app */,
				6EDA6F4E2175CB98002BA7FA /* GruppoC16-10Tests.xctest */,
				6EDA6F592175CB98002BA7FA /* GruppoC16-10UITests.xctest */,
			);
			name = Products;
			sourceTree = "<group>";
		};
		6EDA6F3C2175CB97002BA7FA /* GruppoC16-10 */ = {
			isa = PBXGroup;
			children = (
				B3516E092176006900B8B4DE /* Dictionary.swift */,
				B33DED1D2175CE24004DF561 /* RealmUtils.swift */,
				B33DED1B2175CDE8004DF561 /* Extensions.swift */,
				6EDA6F6B2175DCA3002BA7FA /* Models */,
				B33DED152175CD3C004DF561 /* Login */,
				B33DED162175CD42004DF561 /* Register */,
				B33DED1A2175CD96004DF561 /* FilmDetails */,
				B33DED192175CD7F004DF561 /* AdminScreen */,
				B33DED182175CD4E004DF561 /* Homepage */,
				B33DED172175CD48004DF561 /* UserProfile */,
				6EDA6F3D2175CB97002BA7FA /* AppDelegate.swift */,
				6EDA6F412175CB97002BA7FA /* Main.storyboard */,
				6EDA6F442175CB98002BA7FA /* Assets.xcassets */,
				6EDA6F462175CB98002BA7FA /* LaunchScreen.storyboard */,
				6EDA6F492175CB98002BA7FA /* Info.plist */,
				6E9F8F2E217612B70069AC4B /* ViewController.swift */,
			);
			path = "GruppoC16-10";
			sourceTree = "<group>";
		};
		6EDA6F512175CB98002BA7FA /* GruppoC16-10Tests */ = {
			isa = PBXGroup;
			children = (
				6EDA6F522175CB98002BA7FA /* GruppoC16_10Tests.swift */,
				6EDA6F542175CB98002BA7FA /* Info.plist */,
			);
			path = "GruppoC16-10Tests";
			sourceTree = "<group>";
		};
		6EDA6F5C2175CB98002BA7FA /* GruppoC16-10UITests */ = {
			isa = PBXGroup;
			children = (
				6EDA6F5D2175CB98002BA7FA /* GruppoC16_10UITests.swift */,
				6EDA6F5F2175CB98002BA7FA /* Info.plist */,
			);
			path = "GruppoC16-10UITests";
			sourceTree = "<group>";
		};
		6EDA6F6B2175DCA3002BA7FA /* Models */ = {
			isa = PBXGroup;
			children = (
				6EDA6F6C2175DCDD002BA7FA /* User.swift */,
				6EDA6F6E2175DE28002BA7FA /* Ticket.swift */,
				6EDA6F702175E15C002BA7FA /* Film.swift */,
			);
			path = Models;
			sourceTree = "<group>";
		};
		9A1E0A21B9B253F965184B36 /* Frameworks */ = {
			isa = PBXGroup;
			children = (
				D567C65B184E68384A7420C9 /* Pods_GruppoC16_10.framework */,
			);
			name = Frameworks;
			sourceTree = "<group>";
		};
		B33DED152175CD3C004DF561 /* Login */ = {
			isa = PBXGroup;
			children = (
				375486D22175D98D00AC6BAF /* Login.storyboard */,
				375486D42175DF7A00AC6BAF /* LoginController.swift */,
			);
			path = Login;
			sourceTree = "<group>";
		};
		B33DED162175CD42004DF561 /* Register */ = {
			isa = PBXGroup;
			children = (
				B33DED222175D92F004DF561 /* Register.storyboard */,
				B33DED242175DE9E004DF561 /* RegisterController.swift */,
			);
			path = Register;
			sourceTree = "<group>";
		};
		B33DED172175CD48004DF561 /* UserProfile */ = {
			isa = PBXGroup;
			children = (
				B3F482342175FBB70017A5ED /* UserProfile.storyboard */,
				B3F482332175FBB70017A5ED /* UserProfileController.swift */,
			);
			path = UserProfile;
			sourceTree = "<group>";
		};
		B33DED182175CD4E004DF561 /* Homepage */ = {
			isa = PBXGroup;
			children = (
				37F5C3A9217631A300070CA0 /* Homepage.storyboard */,
				37F5C3AB217631A300070CA0 /* HomepageCell.swift */,
				37F5C3AA217631A300070CA0 /* HomepageController.swift */,
			);
			path = Homepage;
			sourceTree = "<group>";
		};
		B33DED192175CD7F004DF561 /* AdminScreen */ = {
			isa = PBXGroup;
			children = (
			);
			path = AdminScreen;
			sourceTree = "<group>";
		};
		B33DED1A2175CD96004DF561 /* FilmDetails */ = {
			isa = PBXGroup;
			children = (
				6E9F8F2C217610CA0069AC4B /* TicketViewController.swift */,
				6E9F8F27217609BA0069AC4B /* TicketCell.swift */,
				6EDA6F742175EBDA002BA7FA /* Tickets.storyboard */,
			);
			path = FilmDetails;
			sourceTree = "<group>";
		};
/* End PBXGroup section */

/* Begin PBXNativeTarget section */
		6EDA6F392175CB97002BA7FA /* GruppoC16-10 */ = {
			isa = PBXNativeTarget;
			buildConfigurationList = 6EDA6F622175CB98002BA7FA /* Build configuration list for PBXNativeTarget "GruppoC16-10" */;
			buildPhases = (
				68C6ECB39C0B695A773B91B8 /* [CP] Check Pods Manifest.lock */,
				6EDA6F362175CB97002BA7FA /* Sources */,
				6EDA6F372175CB97002BA7FA /* Frameworks */,
				6EDA6F382175CB97002BA7FA /* Resources */,
				A2D9C8052D055AE12B295774 /* [CP] Embed Pods Frameworks */,
			);
			buildRules = (
			);
			dependencies = (
			);
			name = "GruppoC16-10";
			productName = "GruppoC16-10";
			productReference = 6EDA6F3A2175CB97002BA7FA /* GruppoC16-10.app */;
			productType = "com.apple.product-type.application";
		};
		6EDA6F4D2175CB98002BA7FA /* GruppoC16-10Tests */ = {
			isa = PBXNativeTarget;
			buildConfigurationList = 6EDA6F652175CB98002BA7FA /* Build configuration list for PBXNativeTarget "GruppoC16-10Tests" */;
			buildPhases = (
				6EDA6F4A2175CB98002BA7FA /* Sources */,
				6EDA6F4B2175CB98002BA7FA /* Frameworks */,
				6EDA6F4C2175CB98002BA7FA /* Resources */,
			);
			buildRules = (
			);
			dependencies = (
				6EDA6F502175CB98002BA7FA /* PBXTargetDependency */,
			);
			name = "GruppoC16-10Tests";
			productName = "GruppoC16-10Tests";
			productReference = 6EDA6F4E2175CB98002BA7FA /* GruppoC16-10Tests.xctest */;
			productType = "com.apple.product-type.bundle.unit-test";
		};
		6EDA6F582175CB98002BA7FA /* GruppoC16-10UITests */ = {
			isa = PBXNativeTarget;
			buildConfigurationList = 6EDA6F682175CB98002BA7FA /* Build configuration list for PBXNativeTarget "GruppoC16-10UITests" */;
			buildPhases = (
				6EDA6F552175CB98002BA7FA /* Sources */,
				6EDA6F562175CB98002BA7FA /* Frameworks */,
				6EDA6F572175CB98002BA7FA /* Resources */,
			);
			buildRules = (
			);
			dependencies = (
				6EDA6F5B2175CB98002BA7FA /* PBXTargetDependency */,
			);
			name = "GruppoC16-10UITests";
			productName = "GruppoC16-10UITests";
			productReference = 6EDA6F592175CB98002BA7FA /* GruppoC16-10UITests.xctest */;
			productType = "com.apple.product-type.bundle.ui-testing";
		};
/* End PBXNativeTarget section */

/* Begin PBXProject section */
		6EDA6F322175CB97002BA7FA /* Project object */ = {
			isa = PBXProject;
			attributes = {
				LastSwiftUpdateCheck = 1000;
				LastUpgradeCheck = 1000;
				ORGANIZATIONNAME = developer.llb;
				TargetAttributes = {
					6EDA6F392175CB97002BA7FA = {
						CreatedOnToolsVersion = 10.0;
					};
					6EDA6F4D2175CB98002BA7FA = {
						CreatedOnToolsVersion = 10.0;
						TestTargetID = 6EDA6F392175CB97002BA7FA;
					};
					6EDA6F582175CB98002BA7FA = {
						CreatedOnToolsVersion = 10.0;
						TestTargetID = 6EDA6F392175CB97002BA7FA;
					};
				};
			};
			buildConfigurationList = 6EDA6F352175CB97002BA7FA /* Build configuration list for PBXProject "GruppoC16-10" */;
			compatibilityVersion = "Xcode 9.3";
			developmentRegion = en;
			hasScannedForEncodings = 0;
			knownRegions = (
				en,
				Base,
			);
			mainGroup = 6EDA6F312175CB97002BA7FA;
			productRefGroup = 6EDA6F3B2175CB97002BA7FA /* Products */;
			projectDirPath = "";
			projectRoot = "";
			targets = (
				6EDA6F392175CB97002BA7FA /* GruppoC16-10 */,
				6EDA6F4D2175CB98002BA7FA /* GruppoC16-10Tests */,
				6EDA6F582175CB98002BA7FA /* GruppoC16-10UITests */,
			);
		};
/* End PBXProject section */

/* Begin PBXResourcesBuildPhase section */
		6EDA6F382175CB97002BA7FA /* Resources */ = {
			isa = PBXResourcesBuildPhase;
			buildActionMask = 2147483647;
			files = (
				37F5C3AC217631A300070CA0 /* Homepage.storyboard in Resources */,
				6EDA6F752175EBDA002BA7FA /* Tickets.storyboard in Resources */,
				6EDA6F482175CB98002BA7FA /* LaunchScreen.storyboard in Resources */,
				6EDA6F452175CB98002BA7FA /* Assets.xcassets in Resources */,
				6EDA6F432175CB97002BA7FA /* Main.storyboard in Resources */,
				B3F482362175FBB70017A5ED /* UserProfile.storyboard in Resources */,
				375486D32175D98D00AC6BAF /* Login.storyboard in Resources */,
				B3F482322175FB230017A5ED /* Register.storyboard in Resources */,
			);
			runOnlyForDeploymentPostprocessing = 0;
		};
		6EDA6F4C2175CB98002BA7FA /* Resources */ = {
			isa = PBXResourcesBuildPhase;
			buildActionMask = 2147483647;
			files = (
			);
			runOnlyForDeploymentPostprocessing = 0;
		};
		6EDA6F572175CB98002BA7FA /* Resources */ = {
			isa = PBXResourcesBuildPhase;
			buildActionMask = 2147483647;
			files = (
			);
			runOnlyForDeploymentPostprocessing = 0;
		};
/* End PBXResourcesBuildPhase section */

/* Begin PBXShellScriptBuildPhase section */
		68C6ECB39C0B695A773B91B8 /* [CP] Check Pods Manifest.lock */ = {
			isa = PBXShellScriptBuildPhase;
			buildActionMask = 2147483647;
			files = (
			);
			inputFileListPaths = (
			);
			inputPaths = (
				"${PODS_PODFILE_DIR_PATH}/Podfile.lock",
				"${PODS_ROOT}/Manifest.lock",
			);
			name = "[CP] Check Pods Manifest.lock";
			outputFileListPaths = (
			);
			outputPaths = (
				"$(DERIVED_FILE_DIR)/Pods-GruppoC16-10-checkManifestLockResult.txt",
			);
			runOnlyForDeploymentPostprocessing = 0;
			shellPath = /bin/sh;
			shellScript = "diff \"${PODS_PODFILE_DIR_PATH}/Podfile.lock\" \"${PODS_ROOT}/Manifest.lock\" > /dev/null\nif [ $? != 0 ] ; then\n    # print error to STDERR\n    echo \"error: The sandbox is not in sync with the Podfile.lock. Run 'pod install' or update your CocoaPods installation.\" >&2\n    exit 1\nfi\n# This output is used by Xcode 'outputs' to avoid re-running this script phase.\necho \"SUCCESS\" > \"${SCRIPT_OUTPUT_FILE_0}\"\n";
			showEnvVarsInLog = 0;
		};
		A2D9C8052D055AE12B295774 /* [CP] Embed Pods Frameworks */ = {
			isa = PBXShellScriptBuildPhase;
			buildActionMask = 2147483647;
			files = (
			);
			inputFileListPaths = (
			);
			inputPaths = (
				"${SRCROOT}/Pods/Target Support Files/Pods-GruppoC16-10/Pods-GruppoC16-10-frameworks.sh",
				"${BUILT_PRODUCTS_DIR}/Realm/Realm.framework",
				"${BUILT_PRODUCTS_DIR}/RealmSwift/RealmSwift.framework",
			);
			name = "[CP] Embed Pods Frameworks";
			outputFileListPaths = (
			);
			outputPaths = (
				"${TARGET_BUILD_DIR}/${FRAMEWORKS_FOLDER_PATH}/Realm.framework",
				"${TARGET_BUILD_DIR}/${FRAMEWORKS_FOLDER_PATH}/RealmSwift.framework",
			);
			runOnlyForDeploymentPostprocessing = 0;
			shellPath = /bin/sh;
			shellScript = "\"${SRCROOT}/Pods/Target Support Files/Pods-GruppoC16-10/Pods-GruppoC16-10-frameworks.sh\"\n";
			showEnvVarsInLog = 0;
		};
/* End PBXShellScriptBuildPhase section */

/* Begin PBXSourcesBuildPhase section */
		6EDA6F362175CB97002BA7FA /* Sources */ = {
			isa = PBXSourcesBuildPhase;
			buildActionMask = 2147483647;
			files = (
				6E9F8F2B21760CCB0069AC4B /* LoginController.swift in Sources */,
				6EB4A8FF2176374600D5F570 /* HomepageController.swift in Sources */,
				6E9F8F28217609BA0069AC4B /* TicketCell.swift in Sources */,
				B33DED252175DE9E004DF561 /* RegisterController.swift in Sources */,
				37F5C3AE217631A300070CA0 /* HomepageCell.swift in Sources */,
				6EDA6F6F2175DE28002BA7FA /* Ticket.swift in Sources */,
				6E9F8F2F217612B70069AC4B /* ViewController.swift in Sources */,
				6E9F8F2D217610CA0069AC4B /* TicketViewController.swift in Sources */,
				B33DED1E2175CE24004DF561 /* RealmUtils.swift in Sources */,
				37F5C3AD217631A300070CA0 /* HomepageController.swift in Sources */,
				B3516E0A2176006900B8B4DE /* Dictionary.swift in Sources */,
				B3F482312175FA580017A5ED /* LoginController.swift in Sources */,
				B33DED1C2175CDE8004DF561 /* Extensions.swift in Sources */,
				6EB4A8FD2176374600D5F570 /* HomepageCell.swift in Sources */,
				6EDA6F6D2175DCDD002BA7FA /* User.swift in Sources */,
				6EDA6F3E2175CB97002BA7FA /* AppDelegate.swift in Sources */,
				B3F482352175FBB70017A5ED /* UserProfileController.swift in Sources */,
				6EDA6F712175E15C002BA7FA /* Film.swift in Sources */,
			);
			runOnlyForDeploymentPostprocessing = 0;
		};
		6EDA6F4A2175CB98002BA7FA /* Sources */ = {
			isa = PBXSourcesBuildPhase;
			buildActionMask = 2147483647;
			files = (
				6EDA6F532175CB98002BA7FA /* GruppoC16_10Tests.swift in Sources */,
			);
			runOnlyForDeploymentPostprocessing = 0;
		};
		6EDA6F552175CB98002BA7FA /* Sources */ = {
			isa = PBXSourcesBuildPhase;
			buildActionMask = 2147483647;
			files = (
				6EDA6F5E2175CB98002BA7FA /* GruppoC16_10UITests.swift in Sources */,
			);
			runOnlyForDeploymentPostprocessing = 0;
		};
/* End PBXSourcesBuildPhase section */

/* Begin PBXTargetDependency section */
		6EDA6F502175CB98002BA7FA /* PBXTargetDependency */ = {
			isa = PBXTargetDependency;
			target = 6EDA6F392175CB97002BA7FA /* GruppoC16-10 */;
			targetProxy = 6EDA6F4F2175CB98002BA7FA /* PBXContainerItemProxy */;
		};
		6EDA6F5B2175CB98002BA7FA /* PBXTargetDependency */ = {
			isa = PBXTargetDependency;
			target = 6EDA6F392175CB97002BA7FA /* GruppoC16-10 */;
			targetProxy = 6EDA6F5A2175CB98002BA7FA /* PBXContainerItemProxy */;
		};
/* End PBXTargetDependency section */

/* Begin PBXVariantGroup section */
		6EDA6F412175CB97002BA7FA /* Main.storyboard */ = {
			isa = PBXVariantGroup;
			children = (
				6EDA6F422175CB97002BA7FA /* Base */,
			);
			name = Main.storyboard;
			sourceTree = "<group>";
		};
		6EDA6F462175CB98002BA7FA /* LaunchScreen.storyboard */ = {
			isa = PBXVariantGroup;
			children = (
				6EDA6F472175CB98002BA7FA /* Base */,
			);
			name = LaunchScreen.storyboard;
			sourceTree = "<group>";
		};
/* End PBXVariantGroup section */

/* Begin XCBuildConfiguration section */
		6EDA6F602175CB98002BA7FA /* Debug */ = {
			isa = XCBuildConfiguration;
			buildSettings = {
				ALWAYS_SEARCH_USER_PATHS = NO;
				CLANG_ANALYZER_NONNULL = YES;
				CLANG_ANALYZER_NUMBER_OBJECT_CONVERSION = YES_AGGRESSIVE;
				CLANG_CXX_LANGUAGE_STANDARD = "gnu++14";
				CLANG_CXX_LIBRARY = "libc++";
				CLANG_ENABLE_MODULES = YES;
				CLANG_ENABLE_OBJC_ARC = YES;
				CLANG_ENABLE_OBJC_WEAK = YES;
				CLANG_WARN_BLOCK_CAPTURE_AUTORELEASING = YES;
				CLANG_WARN_BOOL_CONVERSION = YES;
				CLANG_WARN_COMMA = YES;
				CLANG_WARN_CONSTANT_CONVERSION = YES;
				CLANG_WARN_DEPRECATED_OBJC_IMPLEMENTATIONS = YES;
				CLANG_WARN_DIRECT_OBJC_ISA_USAGE = YES_ERROR;
				CLANG_WARN_DOCUMENTATION_COMMENTS = YES;
				CLANG_WARN_EMPTY_BODY = YES;
				CLANG_WARN_ENUM_CONVERSION = YES;
				CLANG_WARN_INFINITE_RECURSION = YES;
				CLANG_WARN_INT_CONVERSION = YES;
				CLANG_WARN_NON_LITERAL_NULL_CONVERSION = YES;
				CLANG_WARN_OBJC_IMPLICIT_RETAIN_SELF = YES;
				CLANG_WARN_OBJC_LITERAL_CONVERSION = YES;
				CLANG_WARN_OBJC_ROOT_CLASS = YES_ERROR;
				CLANG_WARN_RANGE_LOOP_ANALYSIS = YES;
				CLANG_WARN_STRICT_PROTOTYPES = YES;
				CLANG_WARN_SUSPICIOUS_MOVE = YES;
				CLANG_WARN_UNGUARDED_AVAILABILITY = YES_AGGRESSIVE;
				CLANG_WARN_UNREACHABLE_CODE = YES;
				CLANG_WARN__DUPLICATE_METHOD_MATCH = YES;
				CODE_SIGN_IDENTITY = "iPhone Developer";
				COPY_PHASE_STRIP = NO;
				DEBUG_INFORMATION_FORMAT = dwarf;
				ENABLE_STRICT_OBJC_MSGSEND = YES;
				ENABLE_TESTABILITY = YES;
				GCC_C_LANGUAGE_STANDARD = gnu11;
				GCC_DYNAMIC_NO_PIC = NO;
				GCC_NO_COMMON_BLOCKS = YES;
				GCC_OPTIMIZATION_LEVEL = 0;
				GCC_PREPROCESSOR_DEFINITIONS = (
					"DEBUG=1",
					"$(inherited)",
				);
				GCC_WARN_64_TO_32_BIT_CONVERSION = YES;
				GCC_WARN_ABOUT_RETURN_TYPE = YES_ERROR;
				GCC_WARN_UNDECLARED_SELECTOR = YES;
				GCC_WARN_UNINITIALIZED_AUTOS = YES_AGGRESSIVE;
				GCC_WARN_UNUSED_FUNCTION = YES;
				GCC_WARN_UNUSED_VARIABLE = YES;
				IPHONEOS_DEPLOYMENT_TARGET = 12.0;
				MTL_ENABLE_DEBUG_INFO = INCLUDE_SOURCE;
				MTL_FAST_MATH = YES;
				ONLY_ACTIVE_ARCH = YES;
				SDKROOT = iphoneos;
				SWIFT_ACTIVE_COMPILATION_CONDITIONS = DEBUG;
				SWIFT_OPTIMIZATION_LEVEL = "-Onone";
			};
			name = Debug;
		};
		6EDA6F612175CB98002BA7FA /* Release */ = {
			isa = XCBuildConfiguration;
			buildSettings = {
				ALWAYS_SEARCH_USER_PATHS = NO;
				CLANG_ANALYZER_NONNULL = YES;
				CLANG_ANALYZER_NUMBER_OBJECT_CONVERSION = YES_AGGRESSIVE;
				CLANG_CXX_LANGUAGE_STANDARD = "gnu++14";
				CLANG_CXX_LIBRARY = "libc++";
				CLANG_ENABLE_MODULES = YES;
				CLANG_ENABLE_OBJC_ARC = YES;
				CLANG_ENABLE_OBJC_WEAK = YES;
				CLANG_WARN_BLOCK_CAPTURE_AUTORELEASING = YES;
				CLANG_WARN_BOOL_CONVERSION = YES;
				CLANG_WARN_COMMA = YES;
				CLANG_WARN_CONSTANT_CONVERSION = YES;
				CLANG_WARN_DEPRECATED_OBJC_IMPLEMENTATIONS = YES;
				CLANG_WARN_DIRECT_OBJC_ISA_USAGE = YES_ERROR;
				CLANG_WARN_DOCUMENTATION_COMMENTS = YES;
				CLANG_WARN_EMPTY_BODY = YES;
				CLANG_WARN_ENUM_CONVERSION = YES;
				CLANG_WARN_INFINITE_RECURSION = YES;
				CLANG_WARN_INT_CONVERSION = YES;
				CLANG_WARN_NON_LITERAL_NULL_CONVERSION = YES;
				CLANG_WARN_OBJC_IMPLICIT_RETAIN_SELF = YES;
				CLANG_WARN_OBJC_LITERAL_CONVERSION = YES;
				CLANG_WARN_OBJC_ROOT_CLASS = YES_ERROR;
				CLANG_WARN_RANGE_LOOP_ANALYSIS = YES;
				CLANG_WARN_STRICT_PROTOTYPES = YES;
				CLANG_WARN_SUSPICIOUS_MOVE = YES;
				CLANG_WARN_UNGUARDED_AVAILABILITY = YES_AGGRESSIVE;
				CLANG_WARN_UNREACHABLE_CODE = YES;
				CLANG_WARN__DUPLICATE_METHOD_MATCH = YES;
				CODE_SIGN_IDENTITY = "iPhone Developer";
				COPY_PHASE_STRIP = NO;
				DEBUG_INFORMATION_FORMAT = "dwarf-with-dsym";
				ENABLE_NS_ASSERTIONS = NO;
				ENABLE_STRICT_OBJC_MSGSEND = YES;
				GCC_C_LANGUAGE_STANDARD = gnu11;
				GCC_NO_COMMON_BLOCKS = YES;
				GCC_WARN_64_TO_32_BIT_CONVERSION = YES;
				GCC_WARN_ABOUT_RETURN_TYPE = YES_ERROR;
				GCC_WARN_UNDECLARED_SELECTOR = YES;
				GCC_WARN_UNINITIALIZED_AUTOS = YES_AGGRESSIVE;
				GCC_WARN_UNUSED_FUNCTION = YES;
				GCC_WARN_UNUSED_VARIABLE = YES;
				IPHONEOS_DEPLOYMENT_TARGET = 12.0;
				MTL_ENABLE_DEBUG_INFO = NO;
				MTL_FAST_MATH = YES;
				SDKROOT = iphoneos;
				SWIFT_COMPILATION_MODE = wholemodule;
				SWIFT_OPTIMIZATION_LEVEL = "-O";
				VALIDATE_PRODUCT = YES;
			};
			name = Release;
		};
		6EDA6F632175CB98002BA7FA /* Debug */ = {
			isa = XCBuildConfiguration;
			baseConfigurationReference = 89E42E1B8909403522F0AF0E /* Pods-GruppoC16-10.debug.xcconfig */;
			buildSettings = {
				ASSETCATALOG_COMPILER_APPICON_NAME = AppIcon;
				CODE_SIGN_STYLE = Automatic;
				INFOPLIST_FILE = "GruppoC16-10/Info.plist";
				LD_RUNPATH_SEARCH_PATHS = (
					"$(inherited)",
					"@executable_path/Frameworks",
				);
				PRODUCT_BUNDLE_IDENTIFIER = "developer.llb.GruppoC16-10";
				PRODUCT_NAME = "$(TARGET_NAME)";
				SWIFT_VERSION = 4.2;
				TARGETED_DEVICE_FAMILY = "1,2";
			};
			name = Debug;
		};
		6EDA6F642175CB98002BA7FA /* Release */ = {
			isa = XCBuildConfiguration;
			baseConfigurationReference = 282EC7938DCB528011C92260 /* Pods-GruppoC16-10.release.xcconfig */;
			buildSettings = {
				ASSETCATALOG_COMPILER_APPICON_NAME = AppIcon;
				CODE_SIGN_STYLE = Automatic;
				INFOPLIST_FILE = "GruppoC16-10/Info.plist";
				LD_RUNPATH_SEARCH_PATHS = (
					"$(inherited)",
					"@executable_path/Frameworks",
				);
				PRODUCT_BUNDLE_IDENTIFIER = "developer.llb.GruppoC16-10";
				PRODUCT_NAME = "$(TARGET_NAME)";
				SWIFT_VERSION = 4.2;
				TARGETED_DEVICE_FAMILY = "1,2";
			};
			name = Release;
		};
		6EDA6F662175CB98002BA7FA /* Debug */ = {
			isa = XCBuildConfiguration;
			buildSettings = {
				ALWAYS_EMBED_SWIFT_STANDARD_LIBRARIES = YES;
				BUNDLE_LOADER = "$(TEST_HOST)";
				CODE_SIGN_STYLE = Automatic;
				INFOPLIST_FILE = "GruppoC16-10Tests/Info.plist";
				LD_RUNPATH_SEARCH_PATHS = (
					"$(inherited)",
					"@executable_path/Frameworks",
					"@loader_path/Frameworks",
				);
				PRODUCT_BUNDLE_IDENTIFIER = "developer.llb.GruppoC16-10Tests";
				PRODUCT_NAME = "$(TARGET_NAME)";
				SWIFT_VERSION = 4.2;
				TARGETED_DEVICE_FAMILY = "1,2";
				TEST_HOST = "$(BUILT_PRODUCTS_DIR)/GruppoC16-10.app/GruppoC16-10";
			};
			name = Debug;
		};
		6EDA6F672175CB98002BA7FA /* Release */ = {
			isa = XCBuildConfiguration;
			buildSettings = {
				ALWAYS_EMBED_SWIFT_STANDARD_LIBRARIES = YES;
				BUNDLE_LOADER = "$(TEST_HOST)";
				CODE_SIGN_STYLE = Automatic;
				INFOPLIST_FILE = "GruppoC16-10Tests/Info.plist";
				LD_RUNPATH_SEARCH_PATHS = (
					"$(inherited)",
					"@executable_path/Frameworks",
					"@loader_path/Frameworks",
				);
				PRODUCT_BUNDLE_IDENTIFIER = "developer.llb.GruppoC16-10Tests";
				PRODUCT_NAME = "$(TARGET_NAME)";
				SWIFT_VERSION = 4.2;
				TARGETED_DEVICE_FAMILY = "1,2";
				TEST_HOST = "$(BUILT_PRODUCTS_DIR)/GruppoC16-10.app/GruppoC16-10";
			};
			name = Release;
		};
		6EDA6F692175CB98002BA7FA /* Debug */ = {
			isa = XCBuildConfiguration;
			buildSettings = {
				ALWAYS_EMBED_SWIFT_STANDARD_LIBRARIES = YES;
				CODE_SIGN_STYLE = Automatic;
				INFOPLIST_FILE = "GruppoC16-10UITests/Info.plist";
				LD_RUNPATH_SEARCH_PATHS = (
					"$(inherited)",
					"@executable_path/Frameworks",
					"@loader_path/Frameworks",
				);
				PRODUCT_BUNDLE_IDENTIFIER = "developer.llb.GruppoC16-10UITests";
				PRODUCT_NAME = "$(TARGET_NAME)";
				SWIFT_VERSION = 4.2;
				TARGETED_DEVICE_FAMILY = "1,2";
				TEST_TARGET_NAME = "GruppoC16-10";
			};
			name = Debug;
		};
		6EDA6F6A2175CB98002BA7FA /* Release */ = {
			isa = XCBuildConfiguration;
			buildSettings = {
				ALWAYS_EMBED_SWIFT_STANDARD_LIBRARIES = YES;
				CODE_SIGN_STYLE = Automatic;
				INFOPLIST_FILE = "GruppoC16-10UITests/Info.plist";
				LD_RUNPATH_SEARCH_PATHS = (
					"$(inherited)",
					"@executable_path/Frameworks",
					"@loader_path/Frameworks",
				);
				PRODUCT_BUNDLE_IDENTIFIER = "developer.llb.GruppoC16-10UITests";
				PRODUCT_NAME = "$(TARGET_NAME)";
				SWIFT_VERSION = 4.2;
				TARGETED_DEVICE_FAMILY = "1,2";
				TEST_TARGET_NAME = "GruppoC16-10";
			};
			name = Release;
		};
/* End XCBuildConfiguration section */

/* Begin XCConfigurationList section */
		6EDA6F352175CB97002BA7FA /* Build configuration list for PBXProject "GruppoC16-10" */ = {
			isa = XCConfigurationList;
			buildConfigurations = (
				6EDA6F602175CB98002BA7FA /* Debug */,
				6EDA6F612175CB98002BA7FA /* Release */,
			);
			defaultConfigurationIsVisible = 0;
			defaultConfigurationName = Release;
		};
		6EDA6F622175CB98002BA7FA /* Build configuration list for PBXNativeTarget "GruppoC16-10" */ = {
			isa = XCConfigurationList;
			buildConfigurations = (
				6EDA6F632175CB98002BA7FA /* Debug */,
				6EDA6F642175CB98002BA7FA /* Release */,
			);
			defaultConfigurationIsVisible = 0;
			defaultConfigurationName = Release;
		};
		6EDA6F652175CB98002BA7FA /* Build configuration list for PBXNativeTarget "GruppoC16-10Tests" */ = {
			isa = XCConfigurationList;
			buildConfigurations = (
				6EDA6F662175CB98002BA7FA /* Debug */,
				6EDA6F672175CB98002BA7FA /* Release */,
			);
			defaultConfigurationIsVisible = 0;
			defaultConfigurationName = Release;
		};
		6EDA6F682175CB98002BA7FA /* Build configuration list for PBXNativeTarget "GruppoC16-10UITests" */ = {
			isa = XCConfigurationList;
			buildConfigurations = (
				6EDA6F692175CB98002BA7FA /* Debug */,
				6EDA6F6A2175CB98002BA7FA /* Release */,
			);
			defaultConfigurationIsVisible = 0;
			defaultConfigurationName = Release;
		};
/* End XCConfigurationList section */
	};
	rootObject = 6EDA6F322175CB97002BA7FA /* Project object */;
}
